
Microsoft Visual Studio Solution File, Format Version 9.00
# Visual Studio 2005
Project("{FAE04EC0-301F-11D3-BF4B-00C04F79EFBC}") = "Dominio", "Dominio\Dominio.csproj", "{EA447054-A223-47C0-B0A1-37843713EF80}"
EndProject
Project("{E24C65DC-7377-472B-9ABA-BC803B73C61A}") = "C:\...\WebSite\", "WebSite\", "{F6A3AD6B-FBBE-4534-8999-058A9C8633A3}"
	ProjectSection(WebsiteProperties) = preProject
		ProjectReferences = "{741F0142-BF33-4479-8C6F-8B87EB634A95}|Negocio.dll;"
		Debug.AspNetCompiler.VirtualPath = "/WebSite"
		Debug.AspNetCompiler.PhysicalPath = "WebSite\"
		Debug.AspNetCompiler.TargetPath = "PrecompiledWeb\WebSite\"
		Debug.AspNetCompiler.Updateable = "true"
		Debug.AspNetCompiler.ForceOverwrite = "true"
		Debug.AspNetCompiler.FixedNames = "false"
		Debug.AspNetCompiler.Debug = "True"
		Release.AspNetCompiler.VirtualPath = "/WebSite"
		Release.AspNetCompiler.PhysicalPath = "WebSite\"
		Release.AspNetCompiler.TargetPath = "PrecompiledWeb\WebSite\"
		Release.AspNetCompiler.Updateable = "true"
		Release.AspNetCompiler.ForceOverwrite = "true"
		Release.AspNetCompiler.FixedNames = "false"
		Release.AspNetCompiler.Debug = "False"
		VWDPort = "4714"
		DefaultWebSiteLanguage = "Visual C#"
	EndProjectSection
EndProject
Project("{FAE04EC0-301F-11D3-BF4B-00C04F79EFBC}") = "Negocio", "Negocio\Negocio.csproj", "{741F0142-BF33-4479-8C6F-8B87EB634A95}"
EndProject
Project("{FAE04EC0-301F-11D3-BF4B-00C04F79EFBC}") = "DAL", "DAL\DAL.csproj", "{21DB9CFB-BBD9-44CA-80D6-0C895EE816CF}"
EndProject
Global
	GlobalSection(SolutionConfigurationPlatforms) = preSolution
		Debug|.NET = Debug|.NET
		Debug|Any CPU = Debug|Any CPU
		Debug|Mixed Platforms = Debug|Mixed Platforms
		Release|.NET = Release|.NET
		Release|Any CPU = Release|Any CPU
		Release|Mixed Platforms = Release|Mixed Platforms
	EndGlobalSection
	GlobalSection(ProjectConfigurationPlatforms) = postSolution
		{EA447054-A223-47C0-B0A1-37843713EF80}.Debug|.NET.ActiveCfg = Debug|Any CPU
		{EA447054-A223-47C0-B0A1-37843713EF80}.Debug|Any CPU.ActiveCfg = Debug|Any CPU
		{EA447054-A223-47C0-B0A1-37843713EF80}.Debug|Any CPU.Build.0 = Debug|Any CPU
		{EA447054-A223-47C0-B0A1-37843713EF80}.Debug|Mixed Platforms.ActiveCfg = Debug|Any CPU
		{EA447054-A223-47C0-B0A1-37843713EF80}.Debug|Mixed Platforms.Build.0 = Debug|Any CPU
		{EA447054-A223-47C0-B0A1-37843713EF80}.Release|.NET.ActiveCfg = Release|Any CPU
		{EA447054-A223-47C0-B0A1-37843713EF80}.Release|Any CPU.ActiveCfg = Release|Any CPU
		{EA447054-A223-47C0-B0A1-37843713EF80}.Release|Any CPU.Build.0 = Release|Any CPU
		{EA447054-A223-47C0-B0A1-37843713EF80}.Release|Mixed Platforms.ActiveCfg = Release|Any CPU
		{EA447054-A223-47C0-B0A1-37843713EF80}.Release|Mixed Platforms.Build.0 = Release|Any CPU
		{F6A3AD6B-FBBE-4534-8999-058A9C8633A3}.Debug|.NET.ActiveCfg = Debug|.NET
		{F6A3AD6B-FBBE-4534-8999-058A9C8633A3}.Debug|.NET.Build.0 = Debug|.NET
		{F6A3AD6B-FBBE-4534-8999-058A9C8633A3}.Debug|Any CPU.ActiveCfg = Debug|.NET
		{F6A3AD6B-FBBE-4534-8999-058A9C8633A3}.Debug|Mixed Platforms.ActiveCfg = Debug|.NET
		{F6A3AD6B-FBBE-4534-8999-058A9C8633A3}.Debug|Mixed Platforms.Build.0 = Debug|.NET
		{F6A3AD6B-FBBE-4534-8999-058A9C8633A3}.Release|.NET.ActiveCfg = Debug|.NET
		{F6A3AD6B-FBBE-4534-8999-058A9C8633A3}.Release|.NET.Build.0 = Debug|.NET
		{F6A3AD6B-FBBE-4534-8999-058A9C8633A3}.Release|Any CPU.ActiveCfg = Debug|.NET
		{F6A3AD6B-FBBE-4534-8999-058A9C8633A3}.Release|Mixed Platforms.ActiveCfg = Debug|.NET
		{F6A3AD6B-FBBE-4534-8999-058A9C8633A3}.Release|Mixed Platforms.Build.0 = Debug|.NET
		{741F0142-BF33-4479-8C6F-8B87EB634A95}.Debug|.NET.ActiveCfg = Debug|Any CPU
		{741F0142-BF33-4479-8C6F-8B87EB634A95}.Debug|Any CPU.ActiveCfg = Debug|Any CPU
		{741F0142-BF33-4479-8C6F-8B87EB634A95}.Debug|Any CPU.Build.0 = Debug|Any CPU
		{741F0142-BF33-4479-8C6F-8B87EB634A95}.Debug|Mixed Platforms.ActiveCfg = Debug|Any CPU
		{741F0142-BF33-4479-8C6F-8B87EB634A95}.Debug|Mixed Platforms.Build.0 = Debug|Any CPU
		{741F0142-BF33-4479-8C6F-8B87EB634A95}.Release|.NET.ActiveCfg = Release|Any CPU
		{741F0142-BF33-4479-8C6F-8B87EB634A95}.Release|Any CPU.ActiveCfg = Release|Any CPU
		{741F0142-BF33-4479-8C6F-8B87EB634A95}.Release|Any CPU.Build.0 = Release|Any CPU
		{741F0142-BF33-4479-8C6F-8B87EB634A95}.Release|Mixed Platforms.ActiveCfg = Release|Any CPU
		{741F0142-BF33-4479-8C6F-8B87EB634A95}.Release|Mixed Platforms.Build.0 = Release|Any CPU
		{21DB9CFB-BBD9-44CA-80D6-0C895EE816CF}.Debug|.NET.ActiveCfg = Debug|Any CPU
		{21DB9CFB-BBD9-44CA-80D6-0C895EE816CF}.Debug|Any CPU.ActiveCfg = Debug|Any CPU
		{21DB9CFB-BBD9-44CA-80D6-0C895EE816CF}.Debug|Any CPU.Build.0 = Debug|Any CPU
		{21DB9CFB-BBD9-44CA-80D6-0C895EE816CF}.Debug|Mixed Platforms.ActiveCfg = Debug|Any CPU
		{21DB9CFB-BBD9-44CA-80D6-0C895EE816CF}.Debug|Mixed Platforms.Build.0 = Debug|Any CPU
		{21DB9CFB-BBD9-44CA-80D6-0C895EE816CF}.Release|.NET.ActiveCfg = Release|Any CPU
		{21DB9CFB-BBD9-44CA-80D6-0C895EE816CF}.Release|Any CPU.ActiveCfg = Release|Any CPU
		{21DB9CFB-BBD9-44CA-80D6-0C895EE816CF}.Release|Any CPU.Build.0 = Release|Any CPU
		{21DB9CFB-BBD9-44CA-80D6-0C895EE816CF}.Release|Mixed Platforms.ActiveCfg = Release|Any CPU
		{21DB9CFB-BBD9-44CA-80D6-0C895EE816CF}.Release|Mixed Platforms.Build.0 = Release|Any CPU
	EndGlobalSection
	GlobalSection(SolutionProperties) = preSolution
		HideSolutionNode = FALSE
	EndGlobalSection
EndGlobal
